
Microsoft Visual Studio Solution File, Format Version 12.00
# Visual Studio Version 17
VisualStudioVersion = 17.11.35327.3
MinimumVisualStudioVersion = 10.0.40219.1
Project("{FAE04EC0-301F-11D3-BF4B-00C04F79EFBC}") = "Bozga_Alberto_Horatiu_Laborator1", "Bozga_Alberto_Horatiu_Laborator1.csproj", "{5FAB2360-9ABA-4B54-98A3-4107C39E6988}"
EndProject
Global
	GlobalSection(SolutionConfigurationPlatforms) = preSolution
		Debug|Any CPU = Debug|Any CPU
		Release|Any CPU = Release|Any CPU
	EndGlobalSection
	GlobalSection(ProjectConfigurationPlatforms) = postSolution
		{5FAB2360-9ABA-4B54-98A3-4107C39E6988}.Debug|Any CPU.ActiveCfg = Debug|Any CPU
		{5FAB2360-9ABA-4B54-98A3-4107C39E6988}.Debug|Any CPU.Build.0 = Debug|Any CPU
		{5FAB2360-9ABA-4B54-98A3-4107C39E6988}.Release|Any CPU.ActiveCfg = Release|Any CPU
		{5FAB2360-9ABA-4B54-98A3-4107C39E6988}.Release|Any CPU.Build.0 = Release|Any CPU
	EndGlobalSection
	GlobalSection(SolutionProperties) = preSolution
		HideSolutionNode = FALSE
	EndGlobalSection
	GlobalSection(ExtensibilityGlobals) = postSolution
		SolutionGuid = {30CE4325-4551-4BB5-AE36-A02A6F4A0714}
	EndGlobalSection
EndGlobal
